
Microsoft Visual Studio Solution File, Format Version 12.00
# Visual Studio 15
VisualStudioVersion = 15.0.26730.12
MinimumVisualStudioVersion = 10.0.40219.1
Project("{888888A0-9F3D-457C-B088-3A5042F75D52}") = "simplea", "simplea\simplea.pyproj", "{FFFC68C2-2399-4323-959A-C764B9B0812D}"
EndProject
Global
	GlobalSection(SolutionConfigurationPlatforms) = preSolution
		Debug|Any CPU = Debug|Any CPU
		Release|Any CPU = Release|Any CPU
	EndGlobalSection
	GlobalSection(ProjectConfigurationPlatforms) = postSolution
		{FFFC68C2-2399-4323-959A-C764B9B0812D}.Debug|Any CPU.ActiveCfg = Debug|Any CPU
		{FFFC68C2-2399-4323-959A-C764B9B0812D}.Release|Any CPU.ActiveCfg = Release|Any CPU
	EndGlobalSection
	GlobalSection(SolutionProperties) = preSolution
		HideSolutionNode = FALSE
	EndGlobalSection
	GlobalSection(ExtensibilityGlobals) = postSolution
		SolutionGuid = {DA84D65D-C0F5-4D3E-88B1-8937FC097533}
	EndGlobalSection
EndGlobal
